
Microsoft Visual Studio Solution File, Format Version 12.00
# Visual Studio Version 17
VisualStudioVersion = 17.10.35013.160
MinimumVisualStudioVersion = 10.0.40219.1
Project("{FAE04EC0-301F-11D3-BF4B-00C04F79EFBC}") = "jittergang", "jittergang\jittergang.csproj", "{638EAEDD-4C8D-4E93-A91E-96FD63A7AF9B}"
EndProject
Global
	GlobalSection(SolutionConfigurationPlatforms) = preSolution
		Debug|Any CPU = Debug|Any CPU
		Release|Any CPU = Release|Any CPU
	EndGlobalSection
	GlobalSection(ProjectConfigurationPlatforms) = postSolution
		{638EAEDD-4C8D-4E93-A91E-96FD63A7AF9B}.Debug|Any CPU.ActiveCfg = Debug|Any CPU
		{638EAEDD-4C8D-4E93-A91E-96FD63A7AF9B}.Debug|Any CPU.Build.0 = Debug|Any CPU
		{638EAEDD-4C8D-4E93-A91E-96FD63A7AF9B}.Release|Any CPU.ActiveCfg = Release|Any CPU
		{638EAEDD-4C8D-4E93-A91E-96FD63A7AF9B}.Release|Any CPU.Build.0 = Release|Any CPU
	EndGlobalSection
	GlobalSection(SolutionProperties) = preSolution
		HideSolutionNode = FALSE
	EndGlobalSection
	GlobalSection(ExtensibilityGlobals) = postSolution
		SolutionGuid = {2C4EA102-DB9F-4D72-B336-173CF8E6B510}
	EndGlobalSection
EndGlobal
